<?xml version="1.0" encoding="UTF-8" standalone="yes" ?>
<CodeBlocks_project_file>
	<FileVersion major="1" minor="6" />
	<Project>
		<Option title="BATTAGLIA NAVALE" />
		<Option pch_mode="2" />
		<Option compiler="gcc" />
		<Build>
			<Target title="Debug">
				<Option output="bin/Debug/BATTAGLIA NAVALE" prefix_auto="1" extension_auto="1" />
				<Option object_output="obj/Debug/" />
				<Option type="1" />
				<Option compiler="gcc" />
				<Compiler>
					<Add option="-g" />
				</Compiler>
			</Target>
			<Target title="Release">
				<Option output="bin/Release/BATTAGLIA NAVALE" prefix_auto="1" extension_auto="1" />
				<Option object_output="obj/Release/" />
				<Option type="1" />
				<Option compiler="gcc" />
				<Compiler>
					<Add option="-O2" />
				</Compiler>
				<Linker>
					<Add option="-s" />
				</Linker>
			</Target>
		</Build>
		<Compiler>
			<Add option="-Wall" />
			<Add option="-std=c++14" />
			<Add option="-fexceptions" />
			<Add directory="C:/Users/vitto/Desktop/TCF/BATTAGLIA NAVALE/SFML-2.5.1/include" />
		</Compiler>
		<Linker>
			<Add directory="C:/Users/vitto/Desktop/TCF/BATTAGLIA NAVALE/SFML-2.5.1/lib" />
		</Linker>
		<Unit filename="board.cpp" />
		<Unit filename="board.h" />
		<Unit filename="funzioni.cpp" />
		<Unit filename="funzioni.h" />
		<Unit filename="main.cpp" />
		<Unit filename="nave.cpp" />
		<Unit filename="nave.h" />
		<Extensions>
			<lib_finder disable_auto="1" />
		</Extensions>
	</Project>
</CodeBlocks_project_file>
